
Microsoft Visual Studio Solution File, Format Version 12.00
# Visual Studio Version 16
VisualStudioVersion = 16.0.30114.105
MinimumVisualStudioVersion = 10.0.40219.1
Project("{FAE04EC0-301F-11D3-BF4B-00C04F79EFBC}") = "Identity.Api", "Identity.Api\Identity.Api.csproj", "{64C79D9B-5CF8-412A-9B4E-9388B84D23DF}"
EndProject
Project("{FAE04EC0-301F-11D3-BF4B-00C04F79EFBC}") = "Identity.BL", "Identity.BL\Identity.BL.csproj", "{BF090E5B-BB72-406C-B244-B1ADFF32D334}"
EndProject
Project("{FAE04EC0-301F-11D3-BF4B-00C04F79EFBC}") = "Identity.DAL", "Identity.DAL\Identity.DAL.csproj", "{F5C700C2-25EF-4252-8B4A-11C0DF17A5CB}"
EndProject
Global
	GlobalSection(SolutionConfigurationPlatforms) = preSolution
		Debug|Any CPU = Debug|Any CPU
		Release|Any CPU = Release|Any CPU
	EndGlobalSection
	GlobalSection(SolutionProperties) = preSolution
		HideSolutionNode = FALSE
	EndGlobalSection
	GlobalSection(ProjectConfigurationPlatforms) = postSolution
		{64C79D9B-5CF8-412A-9B4E-9388B84D23DF}.Debug|Any CPU.ActiveCfg = Debug|Any CPU
		{64C79D9B-5CF8-412A-9B4E-9388B84D23DF}.Debug|Any CPU.Build.0 = Debug|Any CPU
		{64C79D9B-5CF8-412A-9B4E-9388B84D23DF}.Release|Any CPU.ActiveCfg = Release|Any CPU
		{64C79D9B-5CF8-412A-9B4E-9388B84D23DF}.Release|Any CPU.Build.0 = Release|Any CPU
		{BF090E5B-BB72-406C-B244-B1ADFF32D334}.Debug|Any CPU.ActiveCfg = Debug|Any CPU
		{BF090E5B-BB72-406C-B244-B1ADFF32D334}.Debug|Any CPU.Build.0 = Debug|Any CPU
		{BF090E5B-BB72-406C-B244-B1ADFF32D334}.Release|Any CPU.ActiveCfg = Release|Any CPU
		{BF090E5B-BB72-406C-B244-B1ADFF32D334}.Release|Any CPU.Build.0 = Release|Any CPU
		{F5C700C2-25EF-4252-8B4A-11C0DF17A5CB}.Debug|Any CPU.ActiveCfg = Debug|Any CPU
		{F5C700C2-25EF-4252-8B4A-11C0DF17A5CB}.Debug|Any CPU.Build.0 = Debug|Any CPU
		{F5C700C2-25EF-4252-8B4A-11C0DF17A5CB}.Release|Any CPU.ActiveCfg = Release|Any CPU
		{F5C700C2-25EF-4252-8B4A-11C0DF17A5CB}.Release|Any CPU.Build.0 = Release|Any CPU
	EndGlobalSection
EndGlobal
